{
  "lockfile-version": 1,
  "manifest": {
    "version": 1,
    "install": {
      "nodejs_24": {
        "pkg-path": "nodejs_24"
      }
    },
    "options": {},
    "build": {
      "calm-cli": {
        "command": "  mkdir -p $out/bin\n  cp -r ${deps}/bin/calm $out/bin/\n  cp -r ${deps}/node_modules $out/\n  find $out -type d -exec chmod +w {} ';'\n",
        "sandbox": "pure",
        "version": {
          "file": "./version.txt"
        },
        "description": "FINOS Common Architecture Language Model CLI"
      },
      "deps": {
        "command": "  npm install @finos/calm-cli\n  npm prune\n  mkdir -p $out/bin\n  cp -r ./node_modules $out/\n  cp ./node_modules/.bin/calm $out/bin\n"
      }
    }
  },
  "packages": [
    {
      "attr_path": "nodejs_24",
      "broken": false,
      "derivation": "/nix/store/vf9p8gxd4dydpbghi45a369ba9gwxvg4-nodejs-24.11.1.drv",
      "description": "Event-driven I/O framework for the V8 JavaScript engine",
      "install_id": "nodejs_24",
      "license": "MIT",
      "locked_url": "https://github.com/flox/nixpkgs?rev=1306659b587dc277866c7b69eb97e5f07864d8c4",
      "name": "nodejs-24.11.1",
      "pname": "nodejs_24",
      "rev": "1306659b587dc277866c7b69eb97e5f07864d8c4",
      "rev_count": 912002,
      "rev_date": "2025-12-15T06:20:37Z",
      "scrape_date": "2025-12-16T03:01:53.867688Z",
      "stabilities": [
        "unstable"
      ],
      "unfree": false,
      "version": "24.11.1",
      "outputs_to_install": [
        "out"
      ],
      "outputs": {
        "dev": "/nix/store/akmrc34ry4wil7wq8ghxbh2dpvikschh-nodejs-24.11.1-dev",
        "libv8": "/nix/store/h4ad12n85c04b2c5c1a4r8r5qr4i1afn-nodejs-24.11.1-libv8",
        "out": "/nix/store/h57ln4r40qr349z1r8ri90n9i9xid3r5-nodejs-24.11.1"
      },
      "system": "aarch64-darwin",
      "group": "toplevel",
      "priority": 5
    },
    {
      "attr_path": "nodejs_24",
      "broken": false,
      "derivation": "/nix/store/8njzr7lnj4w452wh84bilva49bwgz9lw-nodejs-24.11.1.drv",
      "description": "Event-driven I/O framework for the V8 JavaScript engine",
      "install_id": "nodejs_24",
      "license": "MIT",
      "locked_url": "https://github.com/flox/nixpkgs?rev=1306659b587dc277866c7b69eb97e5f07864d8c4",
      "name": "nodejs-24.11.1",
      "pname": "nodejs_24",
      "rev": "1306659b587dc277866c7b69eb97e5f07864d8c4",
      "rev_count": 912002,
      "rev_date": "2025-12-15T06:20:37Z",
      "scrape_date": "2025-12-16T03:18:11.985214Z",
      "stabilities": [
        "unstable"
      ],
      "unfree": false,
      "version": "24.11.1",
      "outputs_to_install": [
        "out"
      ],
      "outputs": {
        "dev": "/nix/store/82gbs5sgm1gpggsalpdlnxjkvr7bnkcc-nodejs-24.11.1-dev",
        "libv8": "/nix/store/7ihzshxrnl1xh935ff8va57aw1avwk5j-nodejs-24.11.1-libv8",
        "out": "/nix/store/r46dnkahacvrnavv5945aizq8b61kbwc-nodejs-24.11.1"
      },
      "system": "aarch64-linux",
      "group": "toplevel",
      "priority": 5
    },
    {
      "attr_path": "nodejs_24",
      "broken": false,
      "derivation": "/nix/store/krwzsq16irazaldn5ygdkx7zfpbybxba-nodejs-24.11.1.drv",
      "description": "Event-driven I/O framework for the V8 JavaScript engine",
      "install_id": "nodejs_24",
      "license": "MIT",
      "locked_url": "https://github.com/flox/nixpkgs?rev=1306659b587dc277866c7b69eb97e5f07864d8c4",
      "name": "nodejs-24.11.1",
      "pname": "nodejs_24",
      "rev": "1306659b587dc277866c7b69eb97e5f07864d8c4",
      "rev_count": 912002,
      "rev_date": "2025-12-15T06:20:37Z",
      "scrape_date": "2025-12-16T03:34:11.125879Z",
      "stabilities": [
        "unstable"
      ],
      "unfree": false,
      "version": "24.11.1",
      "outputs_to_install": [
        "out"
      ],
      "outputs": {
        "dev": "/nix/store/xj8y0v2v5ssdxbpz1bz9yivn109g3i4x-nodejs-24.11.1-dev",
        "libv8": "/nix/store/136306lidz9kx8dlka3l2sf1q9i6ilc3-nodejs-24.11.1-libv8",
        "out": "/nix/store/68d27bbipwcv99inwbs6fb7vxbgd4q6j-nodejs-24.11.1"
      },
      "system": "x86_64-darwin",
      "group": "toplevel",
      "priority": 5
    },
    {
      "attr_path": "nodejs_24",
      "broken": false,
      "derivation": "/nix/store/n15i8fv8a00hy7ng11km2lr8wvgz552w-nodejs-24.11.1.drv",
      "description": "Event-driven I/O framework for the V8 JavaScript engine",
      "install_id": "nodejs_24",
      "license": "MIT",
      "locked_url": "https://github.com/flox/nixpkgs?rev=1306659b587dc277866c7b69eb97e5f07864d8c4",
      "name": "nodejs-24.11.1",
      "pname": "nodejs_24",
      "rev": "1306659b587dc277866c7b69eb97e5f07864d8c4",
      "rev_count": 912002,
      "rev_date": "2025-12-15T06:20:37Z",
      "scrape_date": "2025-12-16T03:50:36.781636Z",
      "stabilities": [
        "unstable"
      ],
      "unfree": false,
      "version": "24.11.1",
      "outputs_to_install": [
        "out"
      ],
      "outputs": {
        "dev": "/nix/store/qayyvn6vq1yx49lr30kkrpdl1jy99752-nodejs-24.11.1-dev",
        "libv8": "/nix/store/i9s2w9xib1fbqrc2qmmyz17frhpvkmsk-nodejs-24.11.1-libv8",
        "out": "/nix/store/lgggxsrdzisnbligi7irlh4qmqczs0xk-nodejs-24.11.1"
      },
      "system": "x86_64-linux",
      "group": "toplevel",
      "priority": 5
    }
  ]
}
